{
  "name": "@croquet/kit",
  "version": "0.0.1",
  "lockfileVersion": 1,
  "requires": true,
  "dependencies": {
    "@croquet/teatime": {
      "version": "file:../teatime",
      "requires": {
        "@croquet/reflector": "file:../reflector",
        "@croquet/util": "file:../util",
        "seedrandom": "^2.4.4"
      }
    },
    "@croquet/util": {
      "version": "file:../util",
      "requires": {
        "fastpriorityqueue": "^0.6.1",
        "seedrandom": "^2.4.4"
      }
    },
    "an-array": {
      "version": "1.0.0",
      "resolved": "https://registry.npmjs.org/an-array/-/an-array-1.0.0.tgz",
      "integrity": "sha1-wSWlu4JXd4419LT2qpx9D6nkJmU="
    },
    "array-flat-polyfill": {
      "version": "1.0.1",
      "resolved": "https://registry.npmjs.org/array-flat-polyfill/-/array-flat-polyfill-1.0.1.tgz",
      "integrity": "sha512-hfJmKupmQN0lwi0xG6FQ5U8Rd97RnIERplymOv/qpq8AoNKPPAnxJadjFA23FNWm88wykh9HmpLJUUwUtNU/iw=="
    },
    "array-shuffle": {
      "version": "1.0.1",
      "resolved": "https://registry.npmjs.org/array-shuffle/-/array-shuffle-1.0.1.tgz",
      "integrity": "sha1-fqSIKjVrS8pfVF4LblLq9tlxVXo="
    },
    "dtype": {
      "version": "2.0.0",
      "resolved": "https://registry.npmjs.org/dtype/-/dtype-2.0.0.tgz",
      "integrity": "sha1-zQUjI84GFETs0uj1dI9popvihDQ="
    },
    "flatten-vertex-data": {
      "version": "1.0.2",
      "resolved": "https://registry.npmjs.org/flatten-vertex-data/-/flatten-vertex-data-1.0.2.tgz",
      "integrity": "sha512-BvCBFK2NZqerFTdMDgqfHBwxYWnxeCkwONsw6PvBMcUXqo8U/KDWwmXhqx1x2kLIg7DqIsJfOaJFOmlua3Lxuw==",
      "requires": {
        "dtype": "^2.0.0"
      }
    },
    "inherits": {
      "version": "2.0.3",
      "resolved": "https://registry.npmjs.org/inherits/-/inherits-2.0.3.tgz",
      "integrity": "sha1-Yzwsg+PaQqUC9SRmAiSA9CCCYd4="
    },
    "is-buffer": {
      "version": "1.1.6",
      "resolved": "https://registry.npmjs.org/is-buffer/-/is-buffer-1.1.6.tgz",
      "integrity": "sha512-NcdALwpXkTm5Zvvbk7owOUSvVvBKDgKP5/ewfXEznmQFfs4ZRmanOeKBTjRVjka3QFoN6XJ+9F3USqfHqTaU5w=="
    },
    "kiwi.js": {
      "version": "1.1.1",
      "resolved": "https://registry.npmjs.org/kiwi.js/-/kiwi.js-1.1.1.tgz",
      "integrity": "sha512-rH3tMPWuGlhhW4PPmUE/IyHyrZ6VehEtwYM2uj3ZEXrgoQv7/Jyr3PqQORSjrWgc6+wx5sNIKNpXEZnldQkwrg=="
    },
    "oimo": {
      "version": "git+https://github.com/croquet/Oimo.js.git#1a049b9a732f0df39dc619d29bcb11d1d70bcc22",
      "from": "git+https://github.com/croquet/Oimo.js.git"
    },
    "quad-indices": {
      "version": "2.0.1",
      "resolved": "https://registry.npmjs.org/quad-indices/-/quad-indices-2.0.1.tgz",
      "integrity": "sha1-ppQdiaE9Y+7WwdSlpiGgRjYXqBQ=",
      "requires": {
        "an-array": "^1.0.0",
        "dtype": "^2.0.0",
        "is-buffer": "^1.0.2"
      }
    },
    "seedrandom": {
      "version": "3.0.1",
      "resolved": "https://registry.npmjs.org/seedrandom/-/seedrandom-3.0.1.tgz",
      "integrity": "sha512-1/02Y/rUeU1CJBAGLebiC5Lbo5FnB22gQbIFFYTLkwvp1xdABZJH1sn4ZT1MzXmPpzv+Rf/Lu2NcsLJiK4rcDg=="
    },
    "three": {
      "version": "0.101.1",
      "resolved": "https://registry.npmjs.org/three/-/three-0.101.1.tgz",
      "integrity": "sha512-8ufimUVmRLtH+BTpEIbDjdGEKQOVWLMLgGynaKin1KbYTE136ZNOepJ8EgByi0tN43dQ7B1YrKLCJgXGy4bLmw=="
    },
    "three-bmfont-text": {
      "version": "file:thirdparty-patched/three-bmfont-text",
      "requires": {
        "array-shuffle": "^1.0.1",
        "inherits": "^2.0.1",
        "quad-indices": "^2.0.1",
        "three-buffer-vertex-data": "git+https://github.com/aeickhoff/three-buffer-vertex-data.git"
      },
      "dependencies": {
        "three-buffer-vertex-data": {
          "version": "1.1.0",
          "from": "git+https://github.com/aeickhoff/three-buffer-vertex-data.git",
          "requires": {
            "flatten-vertex-data": "^1.0.0"
          }
        }
      }
    },
    "three-buffer-vertex-data": {
      "version": "file:thirdparty-patched/three-buffer-vertex-data",
      "requires": {
        "flatten-vertex-data": "^1.0.0"
      }
    },
    "three-svg-loader": {
      "version": "git+https://github.com/bertfreudenberg/three-svg-loader.git#3de6e9437c8841f84fbab46bd4edb9ffbf753a04",
      "from": "git+https://github.com/bertfreudenberg/three-svg-loader.git"
    },
    "yoga-layout-prebuilt": {
      "version": "1.9.3",
      "resolved": "https://registry.npmjs.org/yoga-layout-prebuilt/-/yoga-layout-prebuilt-1.9.3.tgz",
      "integrity": "sha512-9SNQpwuEh2NucU83i2KMZnONVudZ86YNcFk9tq74YaqrQfgJWO3yB9uzH1tAg8iqh5c9F5j0wuyJ2z72wcum2w=="
    }
  }
}
