{
  "name": "@croquet/teatime",
  "version": "0.0.1",
  "lockfileVersion": 1,
  "requires": true,
  "dependencies": {
    "@croquet/util": {
      "version": "file:../util",
      "requires": {
        "fastpriorityqueue": "^0.6.1",
        "hashids": "^1.2.2"
      },
      "dependencies": {
        "fastpriorityqueue": {
          "version": "0.6.1",
          "bundled": true
        },
        "hashids": {
          "version": "1.2.2",
          "bundled": true
        }
      }
    }
  }
}
