{
  "name": "croquet-3d-physics",
  "version": "0.1.0",
  "lockfileVersion": 1,
  "requires": true,
  "dependencies": {
    "oimo": {
      "version": "git+https://github.com/croquet/Oimo.js.git#1a049b9a732f0df39dc619d29bcb11d1d70bcc22",
      "from": "git+https://github.com/croquet/Oimo.js.git"
    }
  }
}
