{
  "name": "croquet-observable",
  "version": "0.1.0",
  "lockfileVersion": 1,
  "requires": true,
  "dependencies": {
    "croquet": {
      "version": "0.1.6",
      "requires": {
        "@babel/runtime": "^7.5.1",
        "fast-json-stable-stringify": "^2.0.0",
        "fastpriorityqueue": "^0.6.1",
        "seedrandom": "^2.4.4",
        "toastify-js": "^1.5.0"
      }
    },
    "typescript": {
      "version": "3.5.3",
      "resolved": "https://registry.npmjs.org/typescript/-/typescript-3.5.3.tgz",
      "integrity": "sha512-ACzBtm/PhXBDId6a6sDJfroT2pOWt/oOnk4/dElG5G33ZL776N3Y6/6bKZJBFpd+b05F3Ct9qDjMeJmRWtE2/g==",
      "dev": true
    }
  }
}
