{
	"name": "@croquet/observable",
	"version": "0.5.0",
	"lockfileVersion": 1,
	"requires": true,
	"dependencies": {
		"@croquet/croquet": {
			"version": "0.4.1-1",
			"resolved": "https://registry.npmjs.org/@croquet/croquet/-/croquet-0.4.1-1.tgz",
			"integrity": "sha512-CEEpRH71rXls+xfBV16liXIMEfvMM5ebKaLUncXSRp5dvwQySmR+uxxRri8NMSwZgkSxlrtb5M0+PuCyCbEHgA=="
		},
		"typescript": {
			"version": "3.5.3",
			"resolved": "https://registry.npmjs.org/typescript/-/typescript-3.5.3.tgz",
			"integrity": "sha512-ACzBtm/PhXBDId6a6sDJfroT2pOWt/oOnk4/dElG5G33ZL776N3Y6/6bKZJBFpd+b05F3Ct9qDjMeJmRWtE2/g==",
			"dev": true
		}
	}
}
